
Microsoft Visual Studio Solution File, Format Version 12.00
# Visual Studio 15
VisualStudioVersion = 15.0.28307.572
MinimumVisualStudioVersion = 10.0.40219.1
Project("{9A19103F-16F7-4668-BE54-9A1E7A4F7556}") = "ParserScopus", "ConsoleApp1\ParserScopus.csproj", "{63AAB176-870B-4777-9A62-70EE23F04024}"
EndProject
Global
	GlobalSection(SolutionConfigurationPlatforms) = preSolution
		Debug|Any CPU = Debug|Any CPU
		Release|Any CPU = Release|Any CPU
	EndGlobalSection
	GlobalSection(ProjectConfigurationPlatforms) = postSolution
		{63AAB176-870B-4777-9A62-70EE23F04024}.Debug|Any CPU.ActiveCfg = Debug|Any CPU
		{63AAB176-870B-4777-9A62-70EE23F04024}.Debug|Any CPU.Build.0 = Debug|Any CPU
		{63AAB176-870B-4777-9A62-70EE23F04024}.Release|Any CPU.ActiveCfg = Release|Any CPU
		{63AAB176-870B-4777-9A62-70EE23F04024}.Release|Any CPU.Build.0 = Release|Any CPU
	EndGlobalSection
	GlobalSection(SolutionProperties) = preSolution
		HideSolutionNode = FALSE
	EndGlobalSection
	GlobalSection(ExtensibilityGlobals) = postSolution
		SolutionGuid = {97024039-A137-4EEF-8216-144FFB819AAC}
	EndGlobalSection
EndGlobal
