
Microsoft Visual Studio Solution File, Format Version 12.00
# Visual Studio 15
VisualStudioVersion = 15.0.28307.572
MinimumVisualStudioVersion = 10.0.40219.1
Project("{FAE04EC0-301F-11D3-BF4B-00C04F79EFBC}") = "EmailParserView", "ViewScopusParser\EmailParserView.csproj", "{1877DF60-2658-4A2D-9F62-48E686CB1A77}"
EndProject
Project("{FAE04EC0-301F-11D3-BF4B-00C04F79EFBC}") = "ParserModel", "ParserModel\ParserModel.csproj", "{58E7F6F9-8704-4D7B-8B1F-2338ADB1F8A0}"
EndProject
Project("{FAE04EC0-301F-11D3-BF4B-00C04F79EFBC}") = "ScopusParserImplementation", "ScopusParser\ScopusParserImplementation.csproj", "{ACD5AFC7-9138-4803-B069-57802352DC1A}"
EndProject
Global
	GlobalSection(SolutionConfigurationPlatforms) = preSolution
		Debug|Any CPU = Debug|Any CPU
		Release|Any CPU = Release|Any CPU
	EndGlobalSection
	GlobalSection(ProjectConfigurationPlatforms) = postSolution
		{1877DF60-2658-4A2D-9F62-48E686CB1A77}.Debug|Any CPU.ActiveCfg = Debug|Any CPU
		{1877DF60-2658-4A2D-9F62-48E686CB1A77}.Debug|Any CPU.Build.0 = Debug|Any CPU
		{1877DF60-2658-4A2D-9F62-48E686CB1A77}.Release|Any CPU.ActiveCfg = Release|Any CPU
		{1877DF60-2658-4A2D-9F62-48E686CB1A77}.Release|Any CPU.Build.0 = Release|Any CPU
		{58E7F6F9-8704-4D7B-8B1F-2338ADB1F8A0}.Debug|Any CPU.ActiveCfg = Debug|Any CPU
		{58E7F6F9-8704-4D7B-8B1F-2338ADB1F8A0}.Debug|Any CPU.Build.0 = Debug|Any CPU
		{58E7F6F9-8704-4D7B-8B1F-2338ADB1F8A0}.Release|Any CPU.ActiveCfg = Release|Any CPU
		{58E7F6F9-8704-4D7B-8B1F-2338ADB1F8A0}.Release|Any CPU.Build.0 = Release|Any CPU
		{ACD5AFC7-9138-4803-B069-57802352DC1A}.Debug|Any CPU.ActiveCfg = Debug|Any CPU
		{ACD5AFC7-9138-4803-B069-57802352DC1A}.Debug|Any CPU.Build.0 = Debug|Any CPU
		{ACD5AFC7-9138-4803-B069-57802352DC1A}.Release|Any CPU.ActiveCfg = Release|Any CPU
		{ACD5AFC7-9138-4803-B069-57802352DC1A}.Release|Any CPU.Build.0 = Release|Any CPU
	EndGlobalSection
	GlobalSection(SolutionProperties) = preSolution
		HideSolutionNode = FALSE
	EndGlobalSection
	GlobalSection(ExtensibilityGlobals) = postSolution
		SolutionGuid = {97024039-A137-4EEF-8216-144FFB819AAC}
	EndGlobalSection
	GlobalSection(Performance) = preSolution
		HasPerformanceSessions = true
	EndGlobalSection
	GlobalSection(Performance) = preSolution
		HasPerformanceSessions = true
	EndGlobalSection
EndGlobal
